
Microsoft Visual Studio Solution File, Format Version 12.00
# Visual Studio Version 17
VisualStudioVersion = 17.5.33627.172
MinimumVisualStudioVersion = 10.0.40219.1
Project("{FAE04EC0-301F-11D3-BF4B-00C04F79EFBC}") = "Mi-Primera-Aplicacion.Android", "Mi-Primera-Aplicacion\Mi-Primera-Aplicacion.Android\Mi-Primera-Aplicacion.Android.csproj", "{04082FF0-3DCB-44DC-8FDD-EA3553A2A171}"
EndProject
Project("{FAE04EC0-301F-11D3-BF4B-00C04F79EFBC}") = "Mi-Primera-Aplicacion.iOS", "Mi-Primera-Aplicacion\Mi-Primera-Aplicacion.iOS\Mi-Primera-Aplicacion.iOS.csproj", "{8DD8C076-FAE2-41E3-9C41-412FC649DC46}"
EndProject
Project("{FAE04EC0-301F-11D3-BF4B-00C04F79EFBC}") = "Mi-Primera-Aplicacion", "Mi-Primera-Aplicacion\Mi-Primera-Aplicacion\Mi-Primera-Aplicacion.csproj", "{51C9EA0D-1842-4991-B7EB-AF2F95A31996}"
EndProject
Global
	GlobalSection(SolutionConfigurationPlatforms) = preSolution
		Debug|Any CPU = Debug|Any CPU
		Debug|iPhone = Debug|iPhone
		Debug|iPhoneSimulator = Debug|iPhoneSimulator
		Release|Any CPU = Release|Any CPU
		Release|iPhone = Release|iPhone
		Release|iPhoneSimulator = Release|iPhoneSimulator
	EndGlobalSection
	GlobalSection(ProjectConfigurationPlatforms) = postSolution
		{04082FF0-3DCB-44DC-8FDD-EA3553A2A171}.Debug|Any CPU.ActiveCfg = Debug|Any CPU
		{04082FF0-3DCB-44DC-8FDD-EA3553A2A171}.Debug|Any CPU.Build.0 = Debug|Any CPU
		{04082FF0-3DCB-44DC-8FDD-EA3553A2A171}.Debug|Any CPU.Deploy.0 = Debug|Any CPU
		{04082FF0-3DCB-44DC-8FDD-EA3553A2A171}.Debug|iPhone.ActiveCfg = Debug|Any CPU
		{04082FF0-3DCB-44DC-8FDD-EA3553A2A171}.Debug|iPhone.Build.0 = Debug|Any CPU
		{04082FF0-3DCB-44DC-8FDD-EA3553A2A171}.Debug|iPhone.Deploy.0 = Debug|Any CPU
		{04082FF0-3DCB-44DC-8FDD-EA3553A2A171}.Debug|iPhoneSimulator.ActiveCfg = Debug|Any CPU
		{04082FF0-3DCB-44DC-8FDD-EA3553A2A171}.Debug|iPhoneSimulator.Build.0 = Debug|Any CPU
		{04082FF0-3DCB-44DC-8FDD-EA3553A2A171}.Debug|iPhoneSimulator.Deploy.0 = Debug|Any CPU
		{04082FF0-3DCB-44DC-8FDD-EA3553A2A171}.Release|Any CPU.ActiveCfg = Release|Any CPU
		{04082FF0-3DCB-44DC-8FDD-EA3553A2A171}.Release|Any CPU.Build.0 = Release|Any CPU
		{04082FF0-3DCB-44DC-8FDD-EA3553A2A171}.Release|Any CPU.Deploy.0 = Release|Any CPU
		{04082FF0-3DCB-44DC-8FDD-EA3553A2A171}.Release|iPhone.ActiveCfg = Release|Any CPU
		{04082FF0-3DCB-44DC-8FDD-EA3553A2A171}.Release|iPhone.Build.0 = Release|Any CPU
		{04082FF0-3DCB-44DC-8FDD-EA3553A2A171}.Release|iPhone.Deploy.0 = Release|Any CPU
		{04082FF0-3DCB-44DC-8FDD-EA3553A2A171}.Release|iPhoneSimulator.ActiveCfg = Release|Any CPU
		{04082FF0-3DCB-44DC-8FDD-EA3553A2A171}.Release|iPhoneSimulator.Build.0 = Release|Any CPU
		{04082FF0-3DCB-44DC-8FDD-EA3553A2A171}.Release|iPhoneSimulator.Deploy.0 = Release|Any CPU
		{8DD8C076-FAE2-41E3-9C41-412FC649DC46}.Debug|Any CPU.ActiveCfg = Debug|iPhone
		{8DD8C076-FAE2-41E3-9C41-412FC649DC46}.Debug|Any CPU.Build.0 = Debug|iPhone
		{8DD8C076-FAE2-41E3-9C41-412FC649DC46}.Debug|Any CPU.Deploy.0 = Debug|iPhone
		{8DD8C076-FAE2-41E3-9C41-412FC649DC46}.Debug|iPhone.ActiveCfg = Debug|iPhone
		{8DD8C076-FAE2-41E3-9C41-412FC649DC46}.Debug|iPhone.Build.0 = Debug|iPhone
		{8DD8C076-FAE2-41E3-9C41-412FC649DC46}.Debug|iPhone.Deploy.0 = Debug|iPhone
		{8DD8C076-FAE2-41E3-9C41-412FC649DC46}.Debug|iPhoneSimulator.ActiveCfg = Debug|iPhoneSimulator
		{8DD8C076-FAE2-41E3-9C41-412FC649DC46}.Debug|iPhoneSimulator.Build.0 = Debug|iPhoneSimulator
		{8DD8C076-FAE2-41E3-9C41-412FC649DC46}.Debug|iPhoneSimulator.Deploy.0 = Debug|iPhoneSimulator
		{8DD8C076-FAE2-41E3-9C41-412FC649DC46}.Release|Any CPU.ActiveCfg = Release|iPhoneSimulator
		{8DD8C076-FAE2-41E3-9C41-412FC649DC46}.Release|Any CPU.Build.0 = Release|iPhoneSimulator
		{8DD8C076-FAE2-41E3-9C41-412FC649DC46}.Release|Any CPU.Deploy.0 = Release|iPhoneSimulator
		{8DD8C076-FAE2-41E3-9C41-412FC649DC46}.Release|iPhone.ActiveCfg = Release|iPhone
		{8DD8C076-FAE2-41E3-9C41-412FC649DC46}.Release|iPhone.Build.0 = Release|iPhone
		{8DD8C076-FAE2-41E3-9C41-412FC649DC46}.Release|iPhone.Deploy.0 = Release|iPhone
		{8DD8C076-FAE2-41E3-9C41-412FC649DC46}.Release|iPhoneSimulator.ActiveCfg = Release|iPhoneSimulator
		{8DD8C076-FAE2-41E3-9C41-412FC649DC46}.Release|iPhoneSimulator.Build.0 = Release|iPhoneSimulator
		{8DD8C076-FAE2-41E3-9C41-412FC649DC46}.Release|iPhoneSimulator.Deploy.0 = Release|iPhoneSimulator
		{51C9EA0D-1842-4991-B7EB-AF2F95A31996}.Debug|Any CPU.ActiveCfg = Debug|Any CPU
		{51C9EA0D-1842-4991-B7EB-AF2F95A31996}.Debug|Any CPU.Build.0 = Debug|Any CPU
		{51C9EA0D-1842-4991-B7EB-AF2F95A31996}.Debug|Any CPU.Deploy.0 = Debug|Any CPU
		{51C9EA0D-1842-4991-B7EB-AF2F95A31996}.Debug|iPhone.ActiveCfg = Debug|Any CPU
		{51C9EA0D-1842-4991-B7EB-AF2F95A31996}.Debug|iPhone.Build.0 = Debug|Any CPU
		{51C9EA0D-1842-4991-B7EB-AF2F95A31996}.Debug|iPhone.Deploy.0 = Debug|Any CPU
		{51C9EA0D-1842-4991-B7EB-AF2F95A31996}.Debug|iPhoneSimulator.ActiveCfg = Debug|Any CPU
		{51C9EA0D-1842-4991-B7EB-AF2F95A31996}.Debug|iPhoneSimulator.Build.0 = Debug|Any CPU
		{51C9EA0D-1842-4991-B7EB-AF2F95A31996}.Debug|iPhoneSimulator.Deploy.0 = Debug|Any CPU
		{51C9EA0D-1842-4991-B7EB-AF2F95A31996}.Release|Any CPU.ActiveCfg = Release|Any CPU
		{51C9EA0D-1842-4991-B7EB-AF2F95A31996}.Release|Any CPU.Build.0 = Release|Any CPU
		{51C9EA0D-1842-4991-B7EB-AF2F95A31996}.Release|Any CPU.Deploy.0 = Release|Any CPU
		{51C9EA0D-1842-4991-B7EB-AF2F95A31996}.Release|iPhone.ActiveCfg = Release|Any CPU
		{51C9EA0D-1842-4991-B7EB-AF2F95A31996}.Release|iPhone.Build.0 = Release|Any CPU
		{51C9EA0D-1842-4991-B7EB-AF2F95A31996}.Release|iPhone.Deploy.0 = Release|Any CPU
		{51C9EA0D-1842-4991-B7EB-AF2F95A31996}.Release|iPhoneSimulator.ActiveCfg = Release|Any CPU
		{51C9EA0D-1842-4991-B7EB-AF2F95A31996}.Release|iPhoneSimulator.Build.0 = Release|Any CPU
		{51C9EA0D-1842-4991-B7EB-AF2F95A31996}.Release|iPhoneSimulator.Deploy.0 = Release|Any CPU
	EndGlobalSection
	GlobalSection(SolutionProperties) = preSolution
		HideSolutionNode = FALSE
	EndGlobalSection
	GlobalSection(ExtensibilityGlobals) = postSolution
		SolutionGuid = {7936C7F4-0F2C-4208-8A9D-71A302E77C06}
	EndGlobalSection
EndGlobal
